
Microsoft Visual Studio Solution File, Format Version 12.00
# Visual Studio 2013
VisualStudioVersion = 12.0.30723.0
MinimumVisualStudioVersion = 10.0.40219.1
Project("{2150E333-8FDC-42A3-9474-1A3956D46DE8}") = "Week2_ 从C走进C++", "Week2_ 从C走进C++", "{E101C8D2-5794-4CBD-AB9F-DE1D874DD1C8}"
EndProject
Project("{2150E333-8FDC-42A3-9474-1A3956D46DE8}") = "Week3_类和对象", "Week3_类和对象", "{2CCF36EB-3FF9-4CF2-8EB5-B83EA2880931}"
EndProject
Project("{8BC9CEB8-8B4A-11D0-8D11-00A0C91BC942}") = "Week2_1", "Week1_1_C++初探\Week1_1_C++初探.vcxproj", "{51D1FE79-1AFE-46EB-ADDB-874165AF8B6F}"
EndProject
Project("{8BC9CEB8-8B4A-11D0-8D11-00A0C91BC942}") = "Week3_1", "Week3_1\Week3_1.vcxproj", "{1FE63529-9186-4BFE-B589-5409E9BD48AE}"
EndProject
Project("{8BC9CEB8-8B4A-11D0-8D11-00A0C91BC942}") = "Week3_2", "Week3_2\Week3_2.vcxproj", "{8B6F22F7-4185-4FB5-B496-476851D28389}"
EndProject
Project("{8BC9CEB8-8B4A-11D0-8D11-00A0C91BC942}") = "Week3_3", "Week3_3\Week3_3.vcxproj", "{C633E408-A20E-4B5B-BC02-10DEB5D140AA}"
EndProject
Project("{8BC9CEB8-8B4A-11D0-8D11-00A0C91BC942}") = "Week3_4", "Week3_4\Week3_4.vcxproj", "{73CC03BC-3EC9-4721-8D83-57BA1F701736}"
EndProject
Project("{2150E333-8FDC-42A3-9474-1A3956D46DE8}") = "Week4_运算符重载", "Week4_运算符重载", "{28EBBB06-3652-41C9-B5D2-CD4694BB2EB5}"
EndProject
Project("{8BC9CEB8-8B4A-11D0-8D11-00A0C91BC942}") = "Week4_1", "Week4_1\Week4_1.vcxproj", "{75FDB381-C818-45B1-8185-87E873A2C273}"
EndProject
Project("{8BC9CEB8-8B4A-11D0-8D11-00A0C91BC942}") = "Week4_4", "Week4_4\Week4_4.vcxproj", "{494C26F9-84FA-4106-A476-236D6D117E41}"
EndProject
Project("{8BC9CEB8-8B4A-11D0-8D11-00A0C91BC942}") = "Week4_3", "Week4_3\Week4_3.vcxproj", "{8EFFF17F-8CAE-4DAA-A248-36D25B7EB466}"
EndProject
Project("{8BC9CEB8-8B4A-11D0-8D11-00A0C91BC942}") = "Week4_2", "Week4_2\Week4_2.vcxproj", "{E8EA7DE6-19B4-42E6-B306-5440FE2A5085}"
EndProject
Global
	GlobalSection(SolutionConfigurationPlatforms) = preSolution
		Debug|Win32 = Debug|Win32
		Release|Win32 = Release|Win32
	EndGlobalSection
	GlobalSection(ProjectConfigurationPlatforms) = postSolution
		{51D1FE79-1AFE-46EB-ADDB-874165AF8B6F}.Debug|Win32.ActiveCfg = Debug|Win32
		{51D1FE79-1AFE-46EB-ADDB-874165AF8B6F}.Debug|Win32.Build.0 = Debug|Win32
		{51D1FE79-1AFE-46EB-ADDB-874165AF8B6F}.Release|Win32.ActiveCfg = Release|Win32
		{51D1FE79-1AFE-46EB-ADDB-874165AF8B6F}.Release|Win32.Build.0 = Release|Win32
		{1FE63529-9186-4BFE-B589-5409E9BD48AE}.Debug|Win32.ActiveCfg = Debug|Win32
		{1FE63529-9186-4BFE-B589-5409E9BD48AE}.Debug|Win32.Build.0 = Debug|Win32
		{1FE63529-9186-4BFE-B589-5409E9BD48AE}.Release|Win32.ActiveCfg = Release|Win32
		{1FE63529-9186-4BFE-B589-5409E9BD48AE}.Release|Win32.Build.0 = Release|Win32
		{8B6F22F7-4185-4FB5-B496-476851D28389}.Debug|Win32.ActiveCfg = Debug|Win32
		{8B6F22F7-4185-4FB5-B496-476851D28389}.Debug|Win32.Build.0 = Debug|Win32
		{8B6F22F7-4185-4FB5-B496-476851D28389}.Release|Win32.ActiveCfg = Release|Win32
		{8B6F22F7-4185-4FB5-B496-476851D28389}.Release|Win32.Build.0 = Release|Win32
		{C633E408-A20E-4B5B-BC02-10DEB5D140AA}.Debug|Win32.ActiveCfg = Debug|Win32
		{C633E408-A20E-4B5B-BC02-10DEB5D140AA}.Debug|Win32.Build.0 = Debug|Win32
		{C633E408-A20E-4B5B-BC02-10DEB5D140AA}.Release|Win32.ActiveCfg = Release|Win32
		{C633E408-A20E-4B5B-BC02-10DEB5D140AA}.Release|Win32.Build.0 = Release|Win32
		{73CC03BC-3EC9-4721-8D83-57BA1F701736}.Debug|Win32.ActiveCfg = Debug|Win32
		{73CC03BC-3EC9-4721-8D83-57BA1F701736}.Debug|Win32.Build.0 = Debug|Win32
		{73CC03BC-3EC9-4721-8D83-57BA1F701736}.Release|Win32.ActiveCfg = Release|Win32
		{73CC03BC-3EC9-4721-8D83-57BA1F701736}.Release|Win32.Build.0 = Release|Win32
		{75FDB381-C818-45B1-8185-87E873A2C273}.Debug|Win32.ActiveCfg = Debug|Win32
		{75FDB381-C818-45B1-8185-87E873A2C273}.Debug|Win32.Build.0 = Debug|Win32
		{75FDB381-C818-45B1-8185-87E873A2C273}.Release|Win32.ActiveCfg = Release|Win32
		{75FDB381-C818-45B1-8185-87E873A2C273}.Release|Win32.Build.0 = Release|Win32
		{494C26F9-84FA-4106-A476-236D6D117E41}.Debug|Win32.ActiveCfg = Debug|Win32
		{494C26F9-84FA-4106-A476-236D6D117E41}.Debug|Win32.Build.0 = Debug|Win32
		{494C26F9-84FA-4106-A476-236D6D117E41}.Release|Win32.ActiveCfg = Release|Win32
		{494C26F9-84FA-4106-A476-236D6D117E41}.Release|Win32.Build.0 = Release|Win32
		{8EFFF17F-8CAE-4DAA-A248-36D25B7EB466}.Debug|Win32.ActiveCfg = Debug|Win32
		{8EFFF17F-8CAE-4DAA-A248-36D25B7EB466}.Debug|Win32.Build.0 = Debug|Win32
		{8EFFF17F-8CAE-4DAA-A248-36D25B7EB466}.Release|Win32.ActiveCfg = Release|Win32
		{8EFFF17F-8CAE-4DAA-A248-36D25B7EB466}.Release|Win32.Build.0 = Release|Win32
		{E8EA7DE6-19B4-42E6-B306-5440FE2A5085}.Debug|Win32.ActiveCfg = Debug|Win32
		{E8EA7DE6-19B4-42E6-B306-5440FE2A5085}.Debug|Win32.Build.0 = Debug|Win32
		{E8EA7DE6-19B4-42E6-B306-5440FE2A5085}.Release|Win32.ActiveCfg = Release|Win32
		{E8EA7DE6-19B4-42E6-B306-5440FE2A5085}.Release|Win32.Build.0 = Release|Win32
	EndGlobalSection
	GlobalSection(SolutionProperties) = preSolution
		HideSolutionNode = FALSE
	EndGlobalSection
	GlobalSection(NestedProjects) = preSolution
		{51D1FE79-1AFE-46EB-ADDB-874165AF8B6F} = {E101C8D2-5794-4CBD-AB9F-DE1D874DD1C8}
		{1FE63529-9186-4BFE-B589-5409E9BD48AE} = {2CCF36EB-3FF9-4CF2-8EB5-B83EA2880931}
		{8B6F22F7-4185-4FB5-B496-476851D28389} = {2CCF36EB-3FF9-4CF2-8EB5-B83EA2880931}
		{C633E408-A20E-4B5B-BC02-10DEB5D140AA} = {2CCF36EB-3FF9-4CF2-8EB5-B83EA2880931}
		{73CC03BC-3EC9-4721-8D83-57BA1F701736} = {2CCF36EB-3FF9-4CF2-8EB5-B83EA2880931}
		{75FDB381-C818-45B1-8185-87E873A2C273} = {28EBBB06-3652-41C9-B5D2-CD4694BB2EB5}
		{494C26F9-84FA-4106-A476-236D6D117E41} = {28EBBB06-3652-41C9-B5D2-CD4694BB2EB5}
		{8EFFF17F-8CAE-4DAA-A248-36D25B7EB466} = {28EBBB06-3652-41C9-B5D2-CD4694BB2EB5}
		{E8EA7DE6-19B4-42E6-B306-5440FE2A5085} = {28EBBB06-3652-41C9-B5D2-CD4694BB2EB5}
	EndGlobalSection
EndGlobal
